
Microsoft Visual Studio Solution File, Format Version 12.00
# Visual Studio 15
VisualStudioVersion = 15.0.28010.2050
MinimumVisualStudioVersion = 10.0.40219.1
Project("{FAE04EC0-301F-11D3-BF4B-00C04F79EFBC}") = "Test", "Test\Test.csproj", "{6AC633A0-661A-40BC-B2B7-07905174F24D}"
EndProject
Global
	GlobalSection(SolutionConfigurationPlatforms) = preSolution
		Debug|Any CPU = Debug|Any CPU
		Release|Any CPU = Release|Any CPU
	EndGlobalSection
	GlobalSection(ProjectConfigurationPlatforms) = postSolution
		{6AC633A0-661A-40BC-B2B7-07905174F24D}.Debug|Any CPU.ActiveCfg = Debug|Any CPU
		{6AC633A0-661A-40BC-B2B7-07905174F24D}.Debug|Any CPU.Build.0 = Debug|Any CPU
		{6AC633A0-661A-40BC-B2B7-07905174F24D}.Release|Any CPU.ActiveCfg = Release|Any CPU
		{6AC633A0-661A-40BC-B2B7-07905174F24D}.Release|Any CPU.Build.0 = Release|Any CPU
	EndGlobalSection
	GlobalSection(SolutionProperties) = preSolution
		HideSolutionNode = FALSE
	EndGlobalSection
	GlobalSection(ExtensibilityGlobals) = postSolution
		SolutionGuid = {A4054FBA-14CF-4C47-B0F9-4CB97286718D}
	EndGlobalSection
EndGlobal
